
Microsoft Visual Studio Solution File, Format Version 12.00
# Visual Studio for Mac
Project("{FAE04EC0-301F-11D3-BF4B-00C04F79EFBC}") = "HotWand Arcania", "Assembly-CSharp.csproj", "{F9A241A8-CA8C-A7CA-8DB9-0ADC513CB501}"
EndProject
Project("{FAE04EC0-301F-11D3-BF4B-00C04F79EFBC}") = "HotWand Arcania", "Assembly-CSharp-Editor.csproj", "{AA4BD1A2-0931-55CB-573D-68144C637007}"
EndProject
Global
	GlobalSection(SolutionConfigurationPlatforms) = preSolution
		Debug|Any CPU = Debug|Any CPU
		Release|Any CPU = Release|Any CPU
	EndGlobalSection
	GlobalSection(ProjectConfigurationPlatforms) = postSolution
		{F9A241A8-CA8C-A7CA-8DB9-0ADC513CB501}.Debug|Any CPU.ActiveCfg = Debug|Any CPU
		{F9A241A8-CA8C-A7CA-8DB9-0ADC513CB501}.Debug|Any CPU.Build.0 = Debug|Any CPU
		{F9A241A8-CA8C-A7CA-8DB9-0ADC513CB501}.Release|Any CPU.ActiveCfg = Release|Any CPU
		{F9A241A8-CA8C-A7CA-8DB9-0ADC513CB501}.Release|Any CPU.Build.0 = Release|Any CPU
		{AA4BD1A2-0931-55CB-573D-68144C637007}.Debug|Any CPU.ActiveCfg = Debug|Any CPU
		{AA4BD1A2-0931-55CB-573D-68144C637007}.Debug|Any CPU.Build.0 = Debug|Any CPU
		{AA4BD1A2-0931-55CB-573D-68144C637007}.Release|Any CPU.ActiveCfg = Release|Any CPU
		{AA4BD1A2-0931-55CB-573D-68144C637007}.Release|Any CPU.Build.0 = Release|Any CPU
	EndGlobalSection
	GlobalSection(SolutionProperties) = preSolution
		HideSolutionNode = FALSE
	EndGlobalSection
EndGlobal
